
Microsoft Visual Studio Solution File, Format Version 12.00
# Visual Studio 14
VisualStudioVersion = 14.0.25420.1
MinimumVisualStudioVersion = 10.0.40219.1
Project("{2150E333-8FDC-42A3-9474-1A3956D46DE8}") = "src", "src", "{E8BCA1D8-9AE4-4E9F-ACDE-F72525C07479}"
EndProject
Project("{2150E333-8FDC-42A3-9474-1A3956D46DE8}") = "Solution Items", "Solution Items", "{C0559A1A-43B1-4405-B9E5-6A15E8F00F36}"
	ProjectSection(SolutionItems) = preProject
		global.json = global.json
	EndProjectSection
EndProject
Project("{8BB2217D-0F2D-49D1-97BC-3654ED321F3B}") = "Youo.MvcCore", "src\Youo.MvcCore\Youo.MvcCore.xproj", "{9EB7D8CF-1ACB-4541-A8EF-B717B978BD82}"
EndProject
Project("{8BB2217D-0F2D-49D1-97BC-3654ED321F3B}") = "Youo.EntityFrameworkCore", "src\Youo.EntityFrameworkCore\Youo.EntityFrameworkCore.xproj", "{598BC859-1B33-4CB7-996C-DC9569EC7963}"
EndProject
Project("{8BB2217D-0F2D-49D1-97BC-3654ED321F3B}") = "Youo.App", "src\Youo.App\Youo.App.xproj", "{2E3DBD1E-AF44-4060-9E12-100924D711DA}"
EndProject
Project("{8BB2217D-0F2D-49D1-97BC-3654ED321F3B}") = "Youo.domain", "src\Youo.domain\Youo.domain.xproj", "{7A34C7CB-75E4-4937-950D-14F8460169C4}"
EndProject
Project("{8BB2217D-0F2D-49D1-97BC-3654ED321F3B}") = "Youo.DapperCore", "src\Youo.DapperCore\Youo.DapperCore.xproj", "{E13AF44E-7278-486E-A935-59F26DCDEC04}"
EndProject
Global
	GlobalSection(SolutionConfigurationPlatforms) = preSolution
		Debug|Any CPU = Debug|Any CPU
		Release|Any CPU = Release|Any CPU
	EndGlobalSection
	GlobalSection(ProjectConfigurationPlatforms) = postSolution
		{9EB7D8CF-1ACB-4541-A8EF-B717B978BD82}.Debug|Any CPU.ActiveCfg = Debug|Any CPU
		{9EB7D8CF-1ACB-4541-A8EF-B717B978BD82}.Debug|Any CPU.Build.0 = Debug|Any CPU
		{9EB7D8CF-1ACB-4541-A8EF-B717B978BD82}.Release|Any CPU.ActiveCfg = Release|Any CPU
		{9EB7D8CF-1ACB-4541-A8EF-B717B978BD82}.Release|Any CPU.Build.0 = Release|Any CPU
		{598BC859-1B33-4CB7-996C-DC9569EC7963}.Debug|Any CPU.ActiveCfg = Debug|Any CPU
		{598BC859-1B33-4CB7-996C-DC9569EC7963}.Debug|Any CPU.Build.0 = Debug|Any CPU
		{598BC859-1B33-4CB7-996C-DC9569EC7963}.Release|Any CPU.ActiveCfg = Release|Any CPU
		{598BC859-1B33-4CB7-996C-DC9569EC7963}.Release|Any CPU.Build.0 = Release|Any CPU
		{2E3DBD1E-AF44-4060-9E12-100924D711DA}.Debug|Any CPU.ActiveCfg = Debug|Any CPU
		{2E3DBD1E-AF44-4060-9E12-100924D711DA}.Debug|Any CPU.Build.0 = Debug|Any CPU
		{2E3DBD1E-AF44-4060-9E12-100924D711DA}.Release|Any CPU.ActiveCfg = Release|Any CPU
		{2E3DBD1E-AF44-4060-9E12-100924D711DA}.Release|Any CPU.Build.0 = Release|Any CPU
		{7A34C7CB-75E4-4937-950D-14F8460169C4}.Debug|Any CPU.ActiveCfg = Debug|Any CPU
		{7A34C7CB-75E4-4937-950D-14F8460169C4}.Debug|Any CPU.Build.0 = Debug|Any CPU
		{7A34C7CB-75E4-4937-950D-14F8460169C4}.Release|Any CPU.ActiveCfg = Release|Any CPU
		{7A34C7CB-75E4-4937-950D-14F8460169C4}.Release|Any CPU.Build.0 = Release|Any CPU
		{E13AF44E-7278-486E-A935-59F26DCDEC04}.Debug|Any CPU.ActiveCfg = Debug|Any CPU
		{E13AF44E-7278-486E-A935-59F26DCDEC04}.Debug|Any CPU.Build.0 = Debug|Any CPU
		{E13AF44E-7278-486E-A935-59F26DCDEC04}.Release|Any CPU.ActiveCfg = Release|Any CPU
		{E13AF44E-7278-486E-A935-59F26DCDEC04}.Release|Any CPU.Build.0 = Release|Any CPU
	EndGlobalSection
	GlobalSection(SolutionProperties) = preSolution
		HideSolutionNode = FALSE
	EndGlobalSection
	GlobalSection(NestedProjects) = preSolution
		{9EB7D8CF-1ACB-4541-A8EF-B717B978BD82} = {E8BCA1D8-9AE4-4E9F-ACDE-F72525C07479}
		{598BC859-1B33-4CB7-996C-DC9569EC7963} = {E8BCA1D8-9AE4-4E9F-ACDE-F72525C07479}
		{2E3DBD1E-AF44-4060-9E12-100924D711DA} = {E8BCA1D8-9AE4-4E9F-ACDE-F72525C07479}
		{7A34C7CB-75E4-4937-950D-14F8460169C4} = {E8BCA1D8-9AE4-4E9F-ACDE-F72525C07479}
		{E13AF44E-7278-486E-A935-59F26DCDEC04} = {E8BCA1D8-9AE4-4E9F-ACDE-F72525C07479}
	EndGlobalSection
EndGlobal
